
Microsoft Visual Studio Solution File, Format Version 12.00
# Visual Studio 2012
Project("{FAE04EC0-301F-11D3-BF4B-00C04F79EFBC}") = "AramisSolution", "AramisSolution\AramisSolution.csproj", "{CE5A42C7-0052-42E3-8C73-0C710412925C}"
EndProject
Project("{FAE04EC0-301F-11D3-BF4B-00C04F79EFBC}") = "AramisPreStart", "AramisPreStart\AramisPreStart.csproj", "{F2DADE8D-5CF3-4934-81B0-C23AC65592A0}"
EndProject
Project("{FAE04EC0-301F-11D3-BF4B-00C04F79EFBC}") = "WebSolutionUpdater", "WebSolutionUpdater\WebSolutionUpdater.csproj", "{DD6BF791-85F9-46AC-84DB-BF5529DF65FB}"
EndProject
Global
	GlobalSection(SolutionConfigurationPlatforms) = preSolution
		Debug|Any CPU = Debug|Any CPU
		Debug|Mixed Platforms = Debug|Mixed Platforms
		Debug|x86 = Debug|x86
		Release|Any CPU = Release|Any CPU
		Release|Mixed Platforms = Release|Mixed Platforms
		Release|x86 = Release|x86
	EndGlobalSection
	GlobalSection(ProjectConfigurationPlatforms) = postSolution
		{CE5A42C7-0052-42E3-8C73-0C710412925C}.Debug|Any CPU.ActiveCfg = Debug|Any CPU
		{CE5A42C7-0052-42E3-8C73-0C710412925C}.Debug|Any CPU.Build.0 = Debug|Any CPU
		{CE5A42C7-0052-42E3-8C73-0C710412925C}.Debug|Mixed Platforms.ActiveCfg = Debug|Any CPU
		{CE5A42C7-0052-42E3-8C73-0C710412925C}.Debug|Mixed Platforms.Build.0 = Debug|Any CPU
		{CE5A42C7-0052-42E3-8C73-0C710412925C}.Debug|x86.ActiveCfg = Debug|Any CPU
		{CE5A42C7-0052-42E3-8C73-0C710412925C}.Release|Any CPU.ActiveCfg = Release|Any CPU
		{CE5A42C7-0052-42E3-8C73-0C710412925C}.Release|Any CPU.Build.0 = Release|Any CPU
		{CE5A42C7-0052-42E3-8C73-0C710412925C}.Release|Mixed Platforms.ActiveCfg = Release|Any CPU
		{CE5A42C7-0052-42E3-8C73-0C710412925C}.Release|Mixed Platforms.Build.0 = Release|Any CPU
		{CE5A42C7-0052-42E3-8C73-0C710412925C}.Release|x86.ActiveCfg = Release|Any CPU
		{F2DADE8D-5CF3-4934-81B0-C23AC65592A0}.Debug|Any CPU.ActiveCfg = Debug|Any CPU
		{F2DADE8D-5CF3-4934-81B0-C23AC65592A0}.Debug|Any CPU.Build.0 = Debug|Any CPU
		{F2DADE8D-5CF3-4934-81B0-C23AC65592A0}.Debug|Mixed Platforms.ActiveCfg = Debug|Any CPU
		{F2DADE8D-5CF3-4934-81B0-C23AC65592A0}.Debug|Mixed Platforms.Build.0 = Debug|Any CPU
		{F2DADE8D-5CF3-4934-81B0-C23AC65592A0}.Debug|x86.ActiveCfg = Debug|Any CPU
		{F2DADE8D-5CF3-4934-81B0-C23AC65592A0}.Release|Any CPU.ActiveCfg = Release|Any CPU
		{F2DADE8D-5CF3-4934-81B0-C23AC65592A0}.Release|Any CPU.Build.0 = Release|Any CPU
		{F2DADE8D-5CF3-4934-81B0-C23AC65592A0}.Release|Mixed Platforms.ActiveCfg = Release|Any CPU
		{F2DADE8D-5CF3-4934-81B0-C23AC65592A0}.Release|Mixed Platforms.Build.0 = Release|Any CPU
		{F2DADE8D-5CF3-4934-81B0-C23AC65592A0}.Release|x86.ActiveCfg = Release|Any CPU
		{DD6BF791-85F9-46AC-84DB-BF5529DF65FB}.Debug|Any CPU.ActiveCfg = Debug|Any CPU
		{DD6BF791-85F9-46AC-84DB-BF5529DF65FB}.Debug|Any CPU.Build.0 = Debug|Any CPU
		{DD6BF791-85F9-46AC-84DB-BF5529DF65FB}.Debug|Mixed Platforms.ActiveCfg = Debug|Any CPU
		{DD6BF791-85F9-46AC-84DB-BF5529DF65FB}.Debug|Mixed Platforms.Build.0 = Debug|Any CPU
		{DD6BF791-85F9-46AC-84DB-BF5529DF65FB}.Debug|x86.ActiveCfg = Debug|Any CPU
		{DD6BF791-85F9-46AC-84DB-BF5529DF65FB}.Release|Any CPU.ActiveCfg = Release|Any CPU
		{DD6BF791-85F9-46AC-84DB-BF5529DF65FB}.Release|Any CPU.Build.0 = Release|Any CPU
		{DD6BF791-85F9-46AC-84DB-BF5529DF65FB}.Release|Mixed Platforms.ActiveCfg = Release|Any CPU
		{DD6BF791-85F9-46AC-84DB-BF5529DF65FB}.Release|Mixed Platforms.Build.0 = Release|Any CPU
		{DD6BF791-85F9-46AC-84DB-BF5529DF65FB}.Release|x86.ActiveCfg = Release|Any CPU
	EndGlobalSection
	GlobalSection(SolutionProperties) = preSolution
		HideSolutionNode = FALSE
	EndGlobalSection
EndGlobal
